
Microsoft Visual Studio Solution File, Format Version 12.00
# Visual Studio Version 17
VisualStudioVersion = 17.14.36518.9 d17.14
MinimumVisualStudioVersion = 10.0.40219.1
Project("{8BC9CEB8-8B4A-11D0-8D11-00A0C91BC942}") = "FRONTROOM", "FRONTROOM.vcxproj", "{772CE34B-AEA6-459F-A69C-AA9A76ED5DB6}"
EndProject
Global
	GlobalSection(SolutionConfigurationPlatforms) = preSolution
		Debug|x64 = Debug|x64
		Debug|x86 = Debug|x86
		Release|x64 = Release|x64
		Release|x86 = Release|x86
	EndGlobalSection
	GlobalSection(ProjectConfigurationPlatforms) = postSolution
		{772CE34B-AEA6-459F-A69C-AA9A76ED5DB6}.Debug|x64.ActiveCfg = Debug|x64
		{772CE34B-AEA6-459F-A69C-AA9A76ED5DB6}.Debug|x64.Build.0 = Debug|x64
		{772CE34B-AEA6-459F-A69C-AA9A76ED5DB6}.Debug|x86.ActiveCfg = Debug|Win32
		{772CE34B-AEA6-459F-A69C-AA9A76ED5DB6}.Debug|x86.Build.0 = Debug|Win32
		{772CE34B-AEA6-459F-A69C-AA9A76ED5DB6}.Release|x64.ActiveCfg = Release|x64
		{772CE34B-AEA6-459F-A69C-AA9A76ED5DB6}.Release|x64.Build.0 = Release|x64
		{772CE34B-AEA6-459F-A69C-AA9A76ED5DB6}.Release|x86.ActiveCfg = Release|Win32
		{772CE34B-AEA6-459F-A69C-AA9A76ED5DB6}.Release|x86.Build.0 = Release|Win32
	EndGlobalSection
	GlobalSection(SolutionProperties) = preSolution
		HideSolutionNode = FALSE
	EndGlobalSection
	GlobalSection(ExtensibilityGlobals) = postSolution
		SolutionGuid = {AFC92717-B41D-4B00-BCAD-9955BC3B0E70}
	EndGlobalSection
EndGlobal
